
Microsoft Visual Studio Solution File, Format Version 12.00
# Visual Studio Version 16
VisualStudioVersion = 16.0.31410.357
MinimumVisualStudioVersion = 10.0.40219.1
Project("{9A19103F-16F7-4668-BE54-9A1E7A4F7556}") = "Insurance", "Insurance.csproj", "{13193713-8F30-46DF-935F-C25CD1F87D29}"
EndProject
Project("{9A19103F-16F7-4668-BE54-9A1E7A4F7556}") = "Common", "D:\Insurance\Common\Common.csproj", "{F462759A-E416-4F46-8659-358B4859442A}"
EndProject
Project("{9A19103F-16F7-4668-BE54-9A1E7A4F7556}") = "Data", "D:\Insurance\Data\Data.csproj", "{B76531D0-7A33-403E-A158-8878DDF288AC}"
EndProject
Project("{9A19103F-16F7-4668-BE54-9A1E7A4F7556}") = "DTO", "D:\Insurance\DTO\DTO.csproj", "{7CE7B27C-DB2E-4F28-8339-556DB69B9630}"
EndProject
Project("{9A19103F-16F7-4668-BE54-9A1E7A4F7556}") = "ENUM", "D:\Insurance\ENUM\ENUM.csproj", "{9788E972-76E4-4944-9EE7-B22E809D51E2}"
EndProject
Project("{9A19103F-16F7-4668-BE54-9A1E7A4F7556}") = "Service", "D:\Insurance\Service\Service.csproj", "{E294326B-313C-4B1F-BB12-EDCEB887B66C}"
EndProject
Global
	GlobalSection(SolutionConfigurationPlatforms) = preSolution
		Debug|Any CPU = Debug|Any CPU
		Release|Any CPU = Release|Any CPU
	EndGlobalSection
	GlobalSection(ProjectConfigurationPlatforms) = postSolution
		{13193713-8F30-46DF-935F-C25CD1F87D29}.Debug|Any CPU.ActiveCfg = Debug|Any CPU
		{13193713-8F30-46DF-935F-C25CD1F87D29}.Debug|Any CPU.Build.0 = Debug|Any CPU
		{13193713-8F30-46DF-935F-C25CD1F87D29}.Release|Any CPU.ActiveCfg = Release|Any CPU
		{13193713-8F30-46DF-935F-C25CD1F87D29}.Release|Any CPU.Build.0 = Release|Any CPU
		{F462759A-E416-4F46-8659-358B4859442A}.Debug|Any CPU.ActiveCfg = Debug|Any CPU
		{F462759A-E416-4F46-8659-358B4859442A}.Debug|Any CPU.Build.0 = Debug|Any CPU
		{F462759A-E416-4F46-8659-358B4859442A}.Release|Any CPU.ActiveCfg = Release|Any CPU
		{F462759A-E416-4F46-8659-358B4859442A}.Release|Any CPU.Build.0 = Release|Any CPU
		{B76531D0-7A33-403E-A158-8878DDF288AC}.Debug|Any CPU.ActiveCfg = Debug|Any CPU
		{B76531D0-7A33-403E-A158-8878DDF288AC}.Debug|Any CPU.Build.0 = Debug|Any CPU
		{B76531D0-7A33-403E-A158-8878DDF288AC}.Release|Any CPU.ActiveCfg = Release|Any CPU
		{B76531D0-7A33-403E-A158-8878DDF288AC}.Release|Any CPU.Build.0 = Release|Any CPU
		{7CE7B27C-DB2E-4F28-8339-556DB69B9630}.Debug|Any CPU.ActiveCfg = Debug|Any CPU
		{7CE7B27C-DB2E-4F28-8339-556DB69B9630}.Debug|Any CPU.Build.0 = Debug|Any CPU
		{7CE7B27C-DB2E-4F28-8339-556DB69B9630}.Release|Any CPU.ActiveCfg = Release|Any CPU
		{7CE7B27C-DB2E-4F28-8339-556DB69B9630}.Release|Any CPU.Build.0 = Release|Any CPU
		{9788E972-76E4-4944-9EE7-B22E809D51E2}.Debug|Any CPU.ActiveCfg = Debug|Any CPU
		{9788E972-76E4-4944-9EE7-B22E809D51E2}.Debug|Any CPU.Build.0 = Debug|Any CPU
		{9788E972-76E4-4944-9EE7-B22E809D51E2}.Release|Any CPU.ActiveCfg = Release|Any CPU
		{9788E972-76E4-4944-9EE7-B22E809D51E2}.Release|Any CPU.Build.0 = Release|Any CPU
		{E294326B-313C-4B1F-BB12-EDCEB887B66C}.Debug|Any CPU.ActiveCfg = Debug|Any CPU
		{E294326B-313C-4B1F-BB12-EDCEB887B66C}.Debug|Any CPU.Build.0 = Debug|Any CPU
		{E294326B-313C-4B1F-BB12-EDCEB887B66C}.Release|Any CPU.ActiveCfg = Release|Any CPU
		{E294326B-313C-4B1F-BB12-EDCEB887B66C}.Release|Any CPU.Build.0 = Release|Any CPU
	EndGlobalSection
	GlobalSection(SolutionProperties) = preSolution
		HideSolutionNode = FALSE
	EndGlobalSection
	GlobalSection(ExtensibilityGlobals) = postSolution
		SolutionGuid = {F55EEF18-49BB-4FA3-9C6F-D565E5C650A0}
	EndGlobalSection
EndGlobal
